
Microsoft Visual Studio Solution File, Format Version 12.00
# Visual Studio Version 16
VisualStudioVersion = 16.0.29911.84
MinimumVisualStudioVersion = 10.0.40219.1
Project("{FAE04EC0-301F-11D3-BF4B-00C04F79EFBC}") = "Quiz11", "Quiz11\Quiz11.csproj", "{BE6EDBA1-C41F-456A-AD67-8D036CAFB34E}"
EndProject
Global
	GlobalSection(SolutionConfigurationPlatforms) = preSolution
		Debug|Any CPU = Debug|Any CPU
		Release|Any CPU = Release|Any CPU
	EndGlobalSection
	GlobalSection(ProjectConfigurationPlatforms) = postSolution
		{BE6EDBA1-C41F-456A-AD67-8D036CAFB34E}.Debug|Any CPU.ActiveCfg = Debug|Any CPU
		{BE6EDBA1-C41F-456A-AD67-8D036CAFB34E}.Debug|Any CPU.Build.0 = Debug|Any CPU
		{BE6EDBA1-C41F-456A-AD67-8D036CAFB34E}.Release|Any CPU.ActiveCfg = Release|Any CPU
		{BE6EDBA1-C41F-456A-AD67-8D036CAFB34E}.Release|Any CPU.Build.0 = Release|Any CPU
	EndGlobalSection
	GlobalSection(SolutionProperties) = preSolution
		HideSolutionNode = FALSE
	EndGlobalSection
	GlobalSection(ExtensibilityGlobals) = postSolution
		SolutionGuid = {C665CE7F-8879-4BE9-8C8F-EB853A6EA648}
	EndGlobalSection
EndGlobal
